lockfileVersion: '9.0'

settings:
  autoInstallPeers: true
  excludeLinksFromLockfile: false

importers:

  .:
    dependencies:
      '@supercharge/request-ip':
        specifier: ^1.1.2
        version: 1.2.0

packages:

  '@supercharge/request-ip@1.2.0':
    resolution: {integrity: sha512-wlt6JW69MHqLY2M6Sm/jVyCojNRKq2CBvwH0Hbx24SFhDQQGkgEjeKxVutDxHSyrWixFaOSLXC27euzxijhyMQ==}

snapshots:

  '@supercharge/request-ip@1.2.0': {}
